// !$*UTF8*$!
{
	archiveVersion = 1;
	classes = {
	};
	objectVersion = 46;
	objects = {

/* Begin PBXBuildFile section */
		CC71647819B1D490005F7E22 /* Foundation.framework in Frameworks */ = {isa = PBXBuildFile; fileRef = CC71647719B1D490005F7E22 /* Foundation.framework */; };
		CC71647A19B1D490005F7E22 /* CoreGraphics.framework in Frameworks */ = {isa = PBXBuildFile; fileRef = CC71647919B1D490005F7E22 /* CoreGraphics.framework */; };
		CC71647C19B1D490005F7E22 /* UIKit.framework in Frameworks */ = {isa = PBXBuildFile; fileRef = CC71647B19B1D490005F7E22 /* UIKit.framework */; };
		CC71648219B1D490005F7E22 /* InfoPlist.strings in Resources */ = {isa = PBXBuildFile; fileRef = CC71648019B1D490005F7E22 /* InfoPlist.strings */; };
		CC71648419B1D490005F7E22 /* main.m in Sources */ = {isa = PBXBuildFile; fileRef = CC71648319B1D490005F7E22 /* main.m */; };
		CC71648819B1D490005F7E22 /* QYAppDelegate.m in Sources */ = {isa = PBXBuildFile; fileRef = CC71648719B1D490005F7E22 /* QYAppDelegate.m */; };
		CC71648B19B1D490005F7E22 /* Main.storyboard in Resources */ = {isa = PBXBuildFile; fileRef = CC71648919B1D490005F7E22 /* Main.storyboard */; };
		CC71648E19B1D490005F7E22 /* QYViewController.m in Sources */ = {isa = PBXBuildFile; fileRef = CC71648D19B1D490005F7E22 /* QYViewController.m */; };
		CC71649019B1D490005F7E22 /* Images.xcassets in Resources */ = {isa = PBXBuildFile; fileRef = CC71648F19B1D490005F7E22 /* Images.xcassets */; };
		CC71649719B1D490005F7E22 /* XCTest.framework in Frameworks */ = {isa = PBXBuildFile; fileRef = CC71649619B1D490005F7E22 /* XCTest.framework */; };
		CC71649819B1D490005F7E22 /* Foundation.framework in Frameworks */ = {isa = PBXBuildFile; fileRef = CC71647719B1D490005F7E22 /* Foundation.framework */; };
		CC71649919B1D490005F7E22 /* UIKit.framework in Frameworks */ = {isa = PBXBuildFile; fileRef = CC71647B19B1D490005F7E22 /* UIKit.framework */; };
		CC7164A119B1D491005F7E22 /* InfoPlist.strings in Resources */ = {isa = PBXBuildFile; fileRef = CC71649F19B1D491005F7E22 /* InfoPlist.strings */; };
		CC7164A319B1D491005F7E22 /* TransitionViewControllerTests.m in Sources */ = {isa = PBXBuildFile; fileRef = CC7164A219B1D491005F7E22 /* TransitionViewControllerTests.m */; };
		CC7164AE19B1D544005F7E22 /* scene1.jpg in Resources */ = {isa = PBXBuildFile; fileRef = CC7164AC19B1D544005F7E22 /* scene1.jpg */; };
		CC7164AF19B1D544005F7E22 /* scene2.jpg in Resources */ = {isa = PBXBuildFile; fileRef = CC7164AD19B1D544005F7E22 /* scene2.jpg */; };
/* End PBXBuildFile section */

/* Begin PBXContainerItemProxy section */
		CC71649A19B1D491005F7E22 /* PBXContainerItemProxy */ = {
			isa = PBXContainerItemProxy;
			containerPortal = CC71646C19B1D490005F7E22 /* Project object */;
			proxyType = 1;
			remoteGlobalIDString = CC71647319B1D490005F7E22;
			remoteInfo = TransitionViewController;
		};
/* End PBXContainerItemProxy section */

/* Begin PBXFileReference section */
		CC71647419B1D490005F7E22 /* TransitionViewController.app */ = {isa = PBXFileReference; explicitFileType = wrapper.application; includeInIndex = 0; path = TransitionViewController.app; sourceTree = BUILT_PRODUCTS_DIR; };
		CC71647719B1D490005F7E22 /* Foundation.framework */ = {isa = PBXFileReference; lastKnownFileType = wrapper.framework; name = Foundation.framework; path = System/Library/Frameworks/Foundation.framework; sourceTree = SDKROOT; };
		CC71647919B1D490005F7E22 /* CoreGraphics.framework */ = {isa = PBXFileReference; lastKnownFileType = wrapper.framework; name = CoreGraphics.framework; path = System/Library/Frameworks/CoreGraphics.framework; sourceTree = SDKROOT; };
		CC71647B19B1D490005F7E22 /* UIKit.framework */ = {isa = PBXFileReference; lastKnownFileType = wrapper.framework; name = UIKit.framework; path = System/Library/Frameworks/UIKit.framework; sourceTree = SDKROOT; };
		CC71647F19B1D490005F7E22 /* TransitionViewController-Info.plist */ = {isa = PBXFileReference; lastKnownFileType = text.plist.xml; path = "TransitionViewController-Info.plist"; sourceTree = "<group>"; };
		CC71648119B1D490005F7E22 /* en */ = {isa = PBXFileReference; lastKnownFileType = text.plist.strings; name = en; path = en.lproj/InfoPlist.strings; sourceTree = "<group>"; };
		CC71648319B1D490005F7E22 /* main.m */ = {isa = PBXFileReference; lastKnownFileType = sourcecode.c.objc; path = main.m; sourceTree = "<group>"; };
		CC71648519B1D490005F7E22 /* TransitionViewController-Prefix.pch */ = {isa = PBXFileReference; lastKnownFileType = sourcecode.c.h; path = "TransitionViewController-Prefix.pch"; sourceTree = "<group>"; };
		CC71648619B1D490005F7E22 /* QYAppDelegate.h */ = {isa = PBXFileReference; lastKnownFileType = sourcecode.c.h; path = QYAppDelegate.h; sourceTree = "<group>"; };
		CC71648719B1D490005F7E22 /* QYAppDelegate.m */ = {isa = PBXFileReference; lastKnownFileType = sourcecode.c.objc; path = QYAppDelegate.m; sourceTree = "<group>"; };
		CC71648A19B1D490005F7E22 /* Base */ = {isa = PBXFileReference; lastKnownFileType = file.storyboard; name = Base; path = Base.lproj/Main.storyboard; sourceTree = "<group>"; };
		CC71648C19B1D490005F7E22 /* QYViewController.h */ = {isa = PBXFileReference; lastKnownFileType = sourcecode.c.h; path = QYViewController.h; sourceTree = "<group>"; };
		CC71648D19B1D490005F7E22 /* QYViewController.m */ = {isa = PBXFileReference; lastKnownFileType = sourcecode.c.objc; path = QYViewController.m; sourceTree = "<group>"; };
		CC71648F19B1D490005F7E22 /* Images.xcassets */ = {isa = PBXFileReference; lastKnownFileType = folder.assetcatalog; path = Images.xcassets; sourceTree = "<group>"; };
		CC71649519B1D490005F7E22 /* TransitionViewControllerTests.xctest */ = {isa = PBXFileReference; explicitFileType = wrapper.cfbundle; includeInIndex = 0; path = TransitionViewControllerTests.xctest; sourceTree = BUILT_PRODUCTS_DIR; };
		CC71649619B1D490005F7E22 /* XCTest.framework */ = {isa = PBXFileReference; lastKnownFileType = wrapper.framework; name = XCTest.framework; path = Library/Frameworks/XCTest.framework; sourceTree = DEVELOPER_DIR; };
		CC71649E19B1D491005F7E22 /* TransitionViewControllerTests-Info.plist */ = {isa = PBXFileReference; lastKnownFileType = text.plist.xml; path = "TransitionViewControllerTests-Info.plist"; sourceTree = "<group>"; };
		CC7164A019B1D491005F7E22 /* en */ = {isa = PBXFileReference; lastKnownFileType = text.plist.strings; name = en; path = en.lproj/InfoPlist.strings; sourceTree = "<group>"; };
		CC7164A219B1D491005F7E22 /* TransitionViewControllerTests.m */ = {isa = PBXFileReference; lastKnownFileType = sourcecode.c.objc; path = TransitionViewControllerTests.m; sourceTree = "<group>"; };
		CC7164AC19B1D544005F7E22 /* scene1.jpg */ = {isa = PBXFileReference; lastKnownFileType = image.jpeg; path = scene1.jpg; sourceTree = "<group>"; };
		CC7164AD19B1D544005F7E22 /* scene2.jpg */ = {isa = PBXFileReference; lastKnownFileType = image.jpeg; path = scene2.jpg; sourceTree = "<group>"; };
/* End PBXFileReference section */

/* Begin PBXFrameworksBuildPhase section */
		CC71647119B1D490005F7E22 /* Frameworks */ = {
			isa = PBXFrameworksBuildPhase;
			buildActionMask = 2147483647;
			files = (
				CC71647A19B1D490005F7E22 /* CoreGraphics.framework in Frameworks */,
				CC71647C19B1D490005F7E22 /* UIKit.framework in Frameworks */,
				CC71647819B1D490005F7E22 /* Foundation.framework in Frameworks */,
			);
			runOnlyForDeploymentPostprocessing = 0;
		};
		CC71649219B1D490005F7E22 /* Frameworks */ = {
			isa = PBXFrameworksBuildPhase;
			buildActionMask = 2147483647;
			files = (
				CC71649719B1D490005F7E22 /* XCTest.framework in Frameworks */,
				CC71649919B1D490005F7E22 /* UIKit.framework in Frameworks */,
				CC71649819B1D490005F7E22 /* Foundation.framework in Frameworks */,
			);
			runOnlyForDeploymentPostprocessing = 0;
		};
/* End PBXFrameworksBuildPhase section */

/* Begin PBXGroup section */
		CC71646B19B1D490005F7E22 = {
			isa = PBXGroup;
			children = (
				CC71647D19B1D490005F7E22 /* TransitionViewController */,
				CC71649C19B1D491005F7E22 /* TransitionViewControllerTests */,
				CC71647619B1D490005F7E22 /* Frameworks */,
				CC71647519B1D490005F7E22 /* Products */,
			);
			sourceTree = "<group>";
		};
		CC71647519B1D490005F7E22 /* Products */ = {
			isa = PBXGroup;
			children = (
				CC71647419B1D490005F7E22 /* TransitionViewController.app */,
				CC71649519B1D490005F7E22 /* TransitionViewControllerTests.xctest */,
			);
			name = Products;
			sourceTree = "<group>";
		};
		CC71647619B1D490005F7E22 /* Frameworks */ = {
			isa = PBXGroup;
			children = (
				CC71647719B1D490005F7E22 /* Foundation.framework */,
				CC71647919B1D490005F7E22 /* CoreGraphics.framework */,
				CC71647B19B1D490005F7E22 /* UIKit.framework */,
				CC71649619B1D490005F7E22 /* XCTest.framework */,
			);
			name = Frameworks;
			sourceTree = "<group>";
		};
		CC71647D19B1D490005F7E22 /* TransitionViewController */ = {
			isa = PBXGroup;
			children = (
				CC71648619B1D490005F7E22 /* QYAppDelegate.h */,
				CC71648719B1D490005F7E22 /* QYAppDelegate.m */,
				CC71648919B1D490005F7E22 /* Main.storyboard */,
				CC71648C19B1D490005F7E22 /* QYViewController.h */,
				CC71648D19B1D490005F7E22 /* QYViewController.m */,
				CC71648F19B1D490005F7E22 /* Images.xcassets */,
				CC71647E19B1D490005F7E22 /* Supporting Files */,
			);
			path = TransitionViewController;
			sourceTree = "<group>";
		};
		CC71647E19B1D490005F7E22 /* Supporting Files */ = {
			isa = PBXGroup;
			children = (
				CC7164AC19B1D544005F7E22 /* scene1.jpg */,
				CC7164AD19B1D544005F7E22 /* scene2.jpg */,
				CC71647F19B1D490005F7E22 /* TransitionViewController-Info.plist */,
				CC71648019B1D490005F7E22 /* InfoPlist.strings */,
				CC71648319B1D490005F7E22 /* main.m */,
				CC71648519B1D490005F7E22 /* TransitionViewController-Prefix.pch */,
			);
			name = "Supporting Files";
			sourceTree = "<group>";
		};
		CC71649C19B1D491005F7E22 /* TransitionViewControllerTests */ = {
			isa = PBXGroup;
			children = (
				CC7164A219B1D491005F7E22 /* TransitionViewControllerTests.m */,
				CC71649D19B1D491005F7E22 /* Supporting Files */,
			);
			path = TransitionViewControllerTests;
			sourceTree = "<group>";
		};
		CC71649D19B1D491005F7E22 /* Supporting Files */ = {
			isa = PBXGroup;
			children = (
				CC71649E19B1D491005F7E22 /* TransitionViewControllerTests-Info.plist */,
				CC71649F19B1D491005F7E22 /* InfoPlist.strings */,
			);
			name = "Supporting Files";
			sourceTree = "<group>";
		};
/* End PBXGroup section */

/* Begin PBXNativeTarget section */
		CC71647319B1D490005F7E22 /* TransitionViewController */ = {
			isa = PBXNativeTarget;
			buildConfigurationList = CC7164A619B1D491005F7E22 /* Build configuration list for PBXNativeTarget "TransitionViewController" */;
			buildPhases = (
				CC71647019B1D490005F7E22 /* Sources */,
				CC71647119B1D490005F7E22 /* Frameworks */,
				CC71647219B1D490005F7E22 /* Resources */,
			);
			buildRules = (
			);
			dependencies = (
			);
			name = TransitionViewController;
			productName = TransitionViewController;
			productReference = CC71647419B1D490005F7E22 /* TransitionViewController.app */;
			productType = "com.apple.product-type.application";
		};
		CC71649419B1D490005F7E22 /* TransitionViewControllerTests */ = {
			isa = PBXNativeTarget;
			buildConfigurationList = CC7164A919B1D491005F7E22 /* Build configuration list for PBXNativeTarget "TransitionViewControllerTests" */;
			buildPhases = (
				CC71649119B1D490005F7E22 /* Sources */,
				CC71649219B1D490005F7E22 /* Frameworks */,
				CC71649319B1D490005F7E22 /* Resources */,
			);
			buildRules = (
			);
			dependencies = (
				CC71649B19B1D491005F7E22 /* PBXTargetDependency */,
			);
			name = TransitionViewControllerTests;
			productName = TransitionViewControllerTests;
			productReference = CC71649519B1D490005F7E22 /* TransitionViewControllerTests.xctest */;
			productType = "com.apple.product-type.bundle.unit-test";
		};
/* End PBXNativeTarget section */

/* Begin PBXProject section */
		CC71646C19B1D490005F7E22 /* Project object */ = {
			isa = PBXProject;
			attributes = {
				CLASSPREFIX = QY;
				LastUpgradeCheck = 0510;
				ORGANIZATIONNAME = hnqingyun;
				TargetAttributes = {
					CC71649419B1D490005F7E22 = {
						TestTargetID = CC71647319B1D490005F7E22;
					};
				};
			};
			buildConfigurationList = CC71646F19B1D490005F7E22 /* Build configuration list for PBXProject "TransitionViewController" */;
			compatibilityVersion = "Xcode 3.2";
			developmentRegion = English;
			hasScannedForEncodings = 0;
			knownRegions = (
				en,
				Base,
			);
			mainGroup = CC71646B19B1D490005F7E22;
			productRefGroup = CC71647519B1D490005F7E22 /* Products */;
			projectDirPath = "";
			projectRoot = "";
			targets = (
				CC71647319B1D490005F7E22 /* TransitionViewController */,
				CC71649419B1D490005F7E22 /* TransitionViewControllerTests */,
			);
		};
/* End PBXProject section */

/* Begin PBXResourcesBuildPhase section */
		CC71647219B1D490005F7E22 /* Resources */ = {
			isa = PBXResourcesBuildPhase;
			buildActionMask = 2147483647;
			files = (
				CC7164AE19B1D544005F7E22 /* scene1.jpg in Resources */,
				CC71649019B1D490005F7E22 /* Images.xcassets in Resources */,
				CC7164AF19B1D544005F7E22 /* scene2.jpg in Resources */,
				CC71648219B1D490005F7E22 /* InfoPlist.strings in Resources */,
				CC71648B19B1D490005F7E22 /* Main.storyboard in Resources */,
			);
			runOnlyForDeploymentPostprocessing = 0;
		};
		CC71649319B1D490005F7E22 /* Resources */ = {
			isa = PBXResourcesBuildPhase;
			buildActionMask = 2147483647;
			files = (
				CC7164A119B1D491005F7E22 /* InfoPlist.strings in Resources */,
			);
			runOnlyForDeploymentPostprocessing = 0;
		};
/* End PBXResourcesBuildPhase section */

/* Begin PBXSourcesBuildPhase section */
		CC71647019B1D490005F7E22 /* Sources */ = {
			isa = PBXSourcesBuildPhase;
			buildActionMask = 2147483647;
			files = (
				CC71648819B1D490005F7E22 /* QYAppDelegate.m in Sources */,
				CC71648419B1D490005F7E22 /* main.m in Sources */,
				CC71648E19B1D490005F7E22 /* QYViewController.m in Sources */,
			);
			runOnlyForDeploymentPostprocessing = 0;
		};
		CC71649119B1D490005F7E22 /* Sources */ = {
			isa = PBXSourcesBuildPhase;
			buildActionMask = 2147483647;
			files = (
				CC7164A319B1D491005F7E22 /* TransitionViewControllerTests.m in Sources */,
			);
			runOnlyForDeploymentPostprocessing = 0;
		};
/* End PBXSourcesBuildPhase section */

/* Begin PBXTargetDependency section */
		CC71649B19B1D491005F7E22 /* PBXTargetDependency */ = {
			isa = PBXTargetDependency;
			target = CC71647319B1D490005F7E22 /* TransitionViewController */;
			targetProxy = CC71649A19B1D491005F7E22 /* PBXContainerItemProxy */;
		};
/* End PBXTargetDependency section */

/* Begin PBXVariantGroup section */
		CC71648019B1D490005F7E22 /* InfoPlist.strings */ = {
			isa = PBXVariantGroup;
			children = (
				CC71648119B1D490005F7E22 /* en */,
			);
			name = InfoPlist.strings;
			sourceTree = "<group>";
		};
		CC71648919B1D490005F7E22 /* Main.storyboard */ = {
			isa = PBXVariantGroup;
			children = (
				CC71648A19B1D490005F7E22 /* Base */,
			);
			name = Main.storyboard;
			sourceTree = "<group>";
		};
		CC71649F19B1D491005F7E22 /* InfoPlist.strings */ = {
			isa = PBXVariantGroup;
			children = (
				CC7164A019B1D491005F7E22 /* en */,
			);
			name = InfoPlist.strings;
			sourceTree = "<group>";
		};
/* End PBXVariantGroup section */

/* Begin XCBuildConfiguration section */
		CC7164A419B1D491005F7E22 /* Debug */ = {
			isa = XCBuildConfiguration;
			buildSettings = {
				ALWAYS_SEARCH_USER_PATHS = NO;
				CLANG_CXX_LANGUAGE_STANDARD = "gnu++0x";
				CLANG_CXX_LIBRARY = "libc++";
				CLANG_ENABLE_MODULES = YES;
				CLANG_ENABLE_OBJC_ARC = YES;
				CLANG_WARN_BOOL_CONVERSION = YES;
				CLANG_WARN_CONSTANT_CONVERSION = YES;
				CLANG_WARN_DIRECT_OBJC_ISA_USAGE = YES_ERROR;
				CLANG_WARN_EMPTY_BODY = YES;
				CLANG_WARN_ENUM_CONVERSION = YES;
				CLANG_WARN_INT_CONVERSION = YES;
				CLANG_WARN_OBJC_ROOT_CLASS = YES_ERROR;
				CLANG_WARN__DUPLICATE_METHOD_MATCH = YES;
				"CODE_SIGN_IDENTITY[sdk=iphoneos*]" = "iPhone Developer";
				COPY_PHASE_STRIP = NO;
				GCC_C_LANGUAGE_STANDARD = gnu99;
				GCC_DYNAMIC_NO_PIC = NO;
				GCC_OPTIMIZATION_LEVEL = 0;
				GCC_PREPROCESSOR_DEFINITIONS = (
					"DEBUG=1",
					"$(inherited)",
				);
				GCC_SYMBOLS_PRIVATE_EXTERN = NO;
				GCC_WARN_64_TO_32_BIT_CONVERSION = YES;
				GCC_WARN_ABOUT_RETURN_TYPE = YES_ERROR;
				GCC_WARN_UNDECLARED_SELECTOR = YES;
				GCC_WARN_UNINITIALIZED_AUTOS = YES_AGGRESSIVE;
				GCC_WARN_UNUSED_FUNCTION = YES;
				GCC_WARN_UNUSED_VARIABLE = YES;
				IPHONEOS_DEPLOYMENT_TARGET = 7.1;
				ONLY_ACTIVE_ARCH = YES;
				SDKROOT = iphoneos;
			};
			name = Debug;
		};
		CC7164A519B1D491005F7E22 /* Release */ = {
			isa = XCBuildConfiguration;
			buildSettings = {
				ALWAYS_SEARCH_USER_PATHS = NO;
				CLANG_CXX_LANGUAGE_STANDARD = "gnu++0x";
				CLANG_CXX_LIBRARY = "libc++";
				CLANG_ENABLE_MODULES = YES;
				CLANG_ENABLE_OBJC_ARC = YES;
				CLANG_WARN_BOOL_CONVERSION = YES;
				CLANG_WARN_CONSTANT_CONVERSION = YES;
				CLANG_WARN_DIRECT_OBJC_ISA_USAGE = YES_ERROR;
				CLANG_WARN_EMPTY_BODY = YES;
				CLANG_WARN_ENUM_CONVERSION = YES;
				CLANG_WARN_INT_CONVERSION = YES;
				CLANG_WARN_OBJC_ROOT_CLASS = YES_ERROR;
				CLANG_WARN__DUPLICATE_METHOD_MATCH = YES;
				"CODE_SIGN_IDENTITY[sdk=iphoneos*]" = "iPhone Developer";
				COPY_PHASE_STRIP = YES;
				ENABLE_NS_ASSERTIONS = NO;
				GCC_C_LANGUAGE_STANDARD = gnu99;
				GCC_WARN_64_TO_32_BIT_CONVERSION = YES;
				GCC_WARN_ABOUT_RETURN_TYPE = YES_ERROR;
				GCC_WARN_UNDECLARED_SELECTOR = YES;
				GCC_WARN_UNINITIALIZED_AUTOS = YES_AGGRESSIVE;
				GCC_WARN_UNUSED_FUNCTION = YES;
				GCC_WARN_UNUSED_VARIABLE = YES;
				IPHONEOS_DEPLOYMENT_TARGET = 7.1;
				SDKROOT = iphoneos;
				VALIDATE_PRODUCT = YES;
			};
			name = Release;
		};
		CC7164A719B1D491005F7E22 /* Debug */ = {
			isa = XCBuildConfiguration;
			buildSettings = {
				ASSETCATALOG_COMPILER_APPICON_NAME = AppIcon;
				ASSETCATALOG_COMPILER_LAUNCHIMAGE_NAME = LaunchImage;
				GCC_PRECOMPILE_PREFIX_HEADER = YES;
				GCC_PREFIX_HEADER = "TransitionViewController/TransitionViewController-Prefix.pch";
				INFOPLIST_FILE = "TransitionViewController/TransitionViewController-Info.plist";
				PRODUCT_NAME = "$(TARGET_NAME)";
				WRAPPER_EXTENSION = app;
			};
			name = Debug;
		};
		CC7164A819B1D491005F7E22 /* Release */ = {
			isa = XCBuildConfiguration;
			buildSettings = {
				ASSETCATALOG_COMPILER_APPICON_NAME = AppIcon;
				ASSETCATALOG_COMPILER_LAUNCHIMAGE_NAME = LaunchImage;
				GCC_PRECOMPILE_PREFIX_HEADER = YES;
				GCC_PREFIX_HEADER = "TransitionViewController/TransitionViewController-Prefix.pch";
				INFOPLIST_FILE = "TransitionViewController/TransitionViewController-Info.plist";
				PRODUCT_NAME = "$(TARGET_NAME)";
				WRAPPER_EXTENSION = app;
			};
			name = Release;
		};
		CC7164AA19B1D491005F7E22 /* Debug */ = {
			isa = XCBuildConfiguration;
			buildSettings = {
				BUNDLE_LOADER = "$(BUILT_PRODUCTS_DIR)/TransitionViewController.app/TransitionViewController";
				FRAMEWORK_SEARCH_PATHS = (
					"$(SDKROOT)/Developer/Library/Frameworks",
					"$(inherited)",
					"$(DEVELOPER_FRAMEWORKS_DIR)",
				);
				GCC_PRECOMPILE_PREFIX_HEADER = YES;
				GCC_PREFIX_HEADER = "TransitionViewController/TransitionViewController-Prefix.pch";
				GCC_PREPROCESSOR_DEFINITIONS = (
					"DEBUG=1",
					"$(inherited)",
				);
				INFOPLIST_FILE = "TransitionViewControllerTests/TransitionViewControllerTests-Info.plist";
				PRODUCT_NAME = "$(TARGET_NAME)";
				TEST_HOST = "$(BUNDLE_LOADER)";
				WRAPPER_EXTENSION = xctest;
			};
			name = Debug;
		};
		CC7164AB19B1D491005F7E22 /* Release */ = {
			isa = XCBuildConfiguration;
			buildSettings = {
				BUNDLE_LOADER = "$(BUILT_PRODUCTS_DIR)/TransitionViewController.app/TransitionViewController";
				FRAMEWORK_SEARCH_PATHS = (
					"$(SDKROOT)/Developer/Library/Frameworks",
					"$(inherited)",
					"$(DEVELOPER_FRAMEWORKS_DIR)",
				);
				GCC_PRECOMPILE_PREFIX_HEADER = YES;
				GCC_PREFIX_HEADER = "TransitionViewController/TransitionViewController-Prefix.pch";
				INFOPLIST_FILE = "TransitionViewControllerTests/TransitionViewControllerTests-Info.plist";
				PRODUCT_NAME = "$(TARGET_NAME)";
				TEST_HOST = "$(BUNDLE_LOADER)";
				WRAPPER_EXTENSION = xctest;
			};
			name = Release;
		};
/* End XCBuildConfiguration section */

/* Begin XCConfigurationList section */
		CC71646F19B1D490005F7E22 /* Build configuration list for PBXProject "TransitionViewController" */ = {
			isa = XCConfigurationList;
			buildConfigurations = (
				CC7164A419B1D491005F7E22 /* Debug */,
				CC7164A519B1D491005F7E22 /* Release */,
			);
			defaultConfigurationIsVisible = 0;
			defaultConfigurationName = Release;
		};
		CC7164A619B1D491005F7E22 /* Build configuration list for PBXNativeTarget "TransitionViewController" */ = {
			isa = XCConfigurationList;
			buildConfigurations = (
				CC7164A719B1D491005F7E22 /* Debug */,
				CC7164A819B1D491005F7E22 /* Release */,
			);
			defaultConfigurationIsVisible = 0;
		};
		CC7164A919B1D491005F7E22 /* Build configuration list for PBXNativeTarget "TransitionViewControllerTests" */ = {
			isa = XCConfigurationList;
			buildConfigurations = (
				CC7164AA19B1D491005F7E22 /* Debug */,
				CC7164AB19B1D491005F7E22 /* Release */,
			);
			defaultConfigurationIsVisible = 0;
		};
/* End XCConfigurationList section */
	};
	rootObject = CC71646C19B1D490005F7E22 /* Project object */;
}
